// !$*UTF8*$!
{
	archiveVersion = 1;
	classes = {
	};
	objectVersion = 50;
	objects = {

/* Begin PBXBuildFile section */
		3C2714A124F9C6F10032F027 /* APIManager.swift in Sources */ = {isa = PBXBuildFile; fileRef = 3C2714A024F9C6F10032F027 /* APIManager.swift */; };
		3C28ED0024F947B000559D72 /* AppDelegate.swift in Sources */ = {isa = PBXBuildFile; fileRef = 3C28ECFF24F947B000559D72 /* AppDelegate.swift */; };
		3C28ED0224F947B000559D72 /* SceneDelegate.swift in Sources */ = {isa = PBXBuildFile; fileRef = 3C28ED0124F947B000559D72 /* SceneDelegate.swift */; };
		3C28ED0724F947B000559D72 /* Main.storyboard in Resources */ = {isa = PBXBuildFile; fileRef = 3C28ED0524F947B000559D72 /* Main.storyboard */; };
		3C28ED0A24F947B000559D72 /* NerdeYesem.xcdatamodeld in Sources */ = {isa = PBXBuildFile; fileRef = 3C28ED0824F947B000559D72 /* NerdeYesem.xcdatamodeld */; };
		3C28ED0C24F947B600559D72 /* Assets.xcassets in Resources */ = {isa = PBXBuildFile; fileRef = 3C28ED0B24F947B600559D72 /* Assets.xcassets */; };
		3C28ED0F24F947B600559D72 /* LaunchScreen.storyboard in Resources */ = {isa = PBXBuildFile; fileRef = 3C28ED0D24F947B600559D72 /* LaunchScreen.storyboard */; };
		3C59DC4624FCAB050024FF6D /* LocationManager.swift in Sources */ = {isa = PBXBuildFile; fileRef = 3C59DC4524FCAB050024FF6D /* LocationManager.swift */; };
		3C59DC4C24FCD3370024FF6D /* UIFont.swift in Sources */ = {isa = PBXBuildFile; fileRef = 3C59DC4B24FCD3370024FF6D /* UIFont.swift */; };
		3C59DC5124FCFB6E0024FF6D /* NSNotificationName+Additions.swift in Sources */ = {isa = PBXBuildFile; fileRef = 3C59DC5024FCFB6D0024FF6D /* NSNotificationName+Additions.swift */; };
		3C59DC5524FD1E3B0024FF6D /* ListRestaurantsTableViewCell.swift in Sources */ = {isa = PBXBuildFile; fileRef = 3C59DC5324FD1E3B0024FF6D /* ListRestaurantsTableViewCell.swift */; };
		3C59DC5624FD1E3B0024FF6D /* ListRestaurantsTableViewCell.xib in Resources */ = {isa = PBXBuildFile; fileRef = 3C59DC5424FD1E3B0024FF6D /* ListRestaurantsTableViewCell.xib */; };
		3C64B83824F9967A00B3F4BF /* UIView+Additions.swift in Sources */ = {isa = PBXBuildFile; fileRef = 3C64B83724F9967A00B3F4BF /* UIView+Additions.swift */; };
		3C79D21B24FC1CF300F04CE0 /* RestaurantModel.swift in Sources */ = {isa = PBXBuildFile; fileRef = 3C79D21A24FC1CF300F04CE0 /* RestaurantModel.swift */; };
		3C79D21D24FC43BF00F04CE0 /* ZomatoAPIEndpointCaller.swift in Sources */ = {isa = PBXBuildFile; fileRef = 3C79D21C24FC43BF00F04CE0 /* ZomatoAPIEndpointCaller.swift */; };
		3C79D22024FC48AA00F04CE0 /* TabsViewController.swift in Sources */ = {isa = PBXBuildFile; fileRef = 3C79D21F24FC48AA00F04CE0 /* TabsViewController.swift */; };
		3C79D22424FC4BD000F04CE0 /* NerdeYesemColors.swift in Sources */ = {isa = PBXBuildFile; fileRef = 3C79D22324FC4BD000F04CE0 /* NerdeYesemColors.swift */; };
		3C79D23A24FC528200F04CE0 /* Montserrat-LightItalic.ttf in Resources */ = {isa = PBXBuildFile; fileRef = 3C79D22724FC528200F04CE0 /* Montserrat-LightItalic.ttf */; };
		3C79D23B24FC528200F04CE0 /* Montserrat-Medium.ttf in Resources */ = {isa = PBXBuildFile; fileRef = 3C79D22824FC528200F04CE0 /* Montserrat-Medium.ttf */; };
		3C79D23C24FC528200F04CE0 /* Montserrat-BoldItalic.ttf in Resources */ = {isa = PBXBuildFile; fileRef = 3C79D22924FC528200F04CE0 /* Montserrat-BoldItalic.ttf */; };
		3C79D23D24FC528200F04CE0 /* Montserrat-Light.ttf in Resources */ = {isa = PBXBuildFile; fileRef = 3C79D22A24FC528200F04CE0 /* Montserrat-Light.ttf */; };
		3C79D23E24FC528200F04CE0 /* Montserrat-ThinItalic.ttf in Resources */ = {isa = PBXBuildFile; fileRef = 3C79D22B24FC528200F04CE0 /* Montserrat-ThinItalic.ttf */; };
		3C79D23F24FC528200F04CE0 /* Montserrat-ExtraLight.ttf in Resources */ = {isa = PBXBuildFile; fileRef = 3C79D22C24FC528200F04CE0 /* Montserrat-ExtraLight.ttf */; };
		3C79D24024FC528200F04CE0 /* Montserrat-Thin.ttf in Resources */ = {isa = PBXBuildFile; fileRef = 3C79D22D24FC528200F04CE0 /* Montserrat-Thin.ttf */; };
		3C79D24124FC528200F04CE0 /* Montserrat-Bold.ttf in Resources */ = {isa = PBXBuildFile; fileRef = 3C79D22E24FC528200F04CE0 /* Montserrat-Bold.ttf */; };
		3C79D24224FC528200F04CE0 /* Montserrat-MediumItalic.ttf in Resources */ = {isa = PBXBuildFile; fileRef = 3C79D22F24FC528200F04CE0 /* Montserrat-MediumItalic.ttf */; };
		3C79D24324FC528200F04CE0 /* Montserrat-BlackItalic.ttf in Resources */ = {isa = PBXBuildFile; fileRef = 3C79D23024FC528200F04CE0 /* Montserrat-BlackItalic.ttf */; };
		3C79D24424FC528200F04CE0 /* Montserrat-SemiBold.ttf in Resources */ = {isa = PBXBuildFile; fileRef = 3C79D23124FC528200F04CE0 /* Montserrat-SemiBold.ttf */; };
		3C79D24524FC528200F04CE0 /* Montserrat-ExtraLightItalic.ttf in Resources */ = {isa = PBXBuildFile; fileRef = 3C79D23224FC528200F04CE0 /* Montserrat-ExtraLightItalic.ttf */; };
		3C79D24624FC528200F04CE0 /* Montserrat-ExtraBold.ttf in Resources */ = {isa = PBXBuildFile; fileRef = 3C79D23324FC528200F04CE0 /* Montserrat-ExtraBold.ttf */; };
		3C79D24824FC528200F04CE0 /* Montserrat-Black.ttf in Resources */ = {isa = PBXBuildFile; fileRef = 3C79D23524FC528200F04CE0 /* Montserrat-Black.ttf */; };
		3C79D24924FC528200F04CE0 /* Montserrat-Regular.ttf in Resources */ = {isa = PBXBuildFile; fileRef = 3C79D23624FC528200F04CE0 /* Montserrat-Regular.ttf */; };
		3C79D24A24FC528200F04CE0 /* Montserrat-Italic.ttf in Resources */ = {isa = PBXBuildFile; fileRef = 3C79D23724FC528200F04CE0 /* Montserrat-Italic.ttf */; };
		3C79D24B24FC528200F04CE0 /* Montserrat-SemiBoldItalic.ttf in Resources */ = {isa = PBXBuildFile; fileRef = 3C79D23824FC528200F04CE0 /* Montserrat-SemiBoldItalic.ttf */; };
		3C79D24C24FC528200F04CE0 /* Montserrat-ExtraBoldItalic.ttf in Resources */ = {isa = PBXBuildFile; fileRef = 3C79D23924FC528200F04CE0 /* Montserrat-ExtraBoldItalic.ttf */; };
		3C79D24E24FC548D00F04CE0 /* HomeViewController.swift in Sources */ = {isa = PBXBuildFile; fileRef = 3C79D24D24FC548D00F04CE0 /* HomeViewController.swift */; };
		3C79D25024FC55F500F04CE0 /* Restaurants.storyboard in Resources */ = {isa = PBXBuildFile; fileRef = 3C79D24F24FC55F500F04CE0 /* Restaurants.storyboard */; };
		3C79D25424FC58E000F04CE0 /* ListRestaurantsViewController.swift in Sources */ = {isa = PBXBuildFile; fileRef = 3C79D25324FC58E000F04CE0 /* ListRestaurantsViewController.swift */; };
		3C79D25624FC5A3000F04CE0 /* FavoriteViewController.swift in Sources */ = {isa = PBXBuildFile; fileRef = 3C79D25524FC5A3000F04CE0 /* FavoriteViewController.swift */; };
/* End PBXBuildFile section */

/* Begin PBXFileReference section */
		3C2714A024F9C6F10032F027 /* APIManager.swift */ = {isa = PBXFileReference; lastKnownFileType = sourcecode.swift; path = APIManager.swift; sourceTree = "<group>"; };
		3C28ECFC24F947B000559D72 /* NerdeYesem.app */ = {isa = PBXFileReference; explicitFileType = wrapper.application; includeInIndex = 0; path = NerdeYesem.app; sourceTree = BUILT_PRODUCTS_DIR; };
		3C28ECFF24F947B000559D72 /* AppDelegate.swift */ = {isa = PBXFileReference; lastKnownFileType = sourcecode.swift; path = AppDelegate.swift; sourceTree = "<group>"; };
		3C28ED0124F947B000559D72 /* SceneDelegate.swift */ = {isa = PBXFileReference; lastKnownFileType = sourcecode.swift; path = SceneDelegate.swift; sourceTree = "<group>"; };
		3C28ED0624F947B000559D72 /* Base */ = {isa = PBXFileReference; lastKnownFileType = file.storyboard; name = Base; path = Base.lproj/Main.storyboard; sourceTree = "<group>"; };
		3C28ED0924F947B000559D72 /* NerdeYesem.xcdatamodel */ = {isa = PBXFileReference; lastKnownFileType = wrapper.xcdatamodel; path = NerdeYesem.xcdatamodel; sourceTree = "<group>"; };
		3C28ED0B24F947B600559D72 /* Assets.xcassets */ = {isa = PBXFileReference; lastKnownFileType = folder.assetcatalog; path = Assets.xcassets; sourceTree = "<group>"; };
		3C28ED0E24F947B600559D72 /* Base */ = {isa = PBXFileReference; lastKnownFileType = file.storyboard; name = Base; path = Base.lproj/LaunchScreen.storyboard; sourceTree = "<group>"; };
		3C28ED1024F947B600559D72 /* Info.plist */ = {isa = PBXFileReference; lastKnownFileType = text.plist.xml; path = Info.plist; sourceTree = "<group>"; };
		3C59DC4524FCAB050024FF6D /* LocationManager.swift */ = {isa = PBXFileReference; lastKnownFileType = sourcecode.swift; path = LocationManager.swift; sourceTree = "<group>"; };
		3C59DC4B24FCD3370024FF6D /* UIFont.swift */ = {isa = PBXFileReference; lastKnownFileType = sourcecode.swift; path = UIFont.swift; sourceTree = "<group>"; };
		3C59DC5024FCFB6D0024FF6D /* NSNotificationName+Additions.swift */ = {isa = PBXFileReference; lastKnownFileType = sourcecode.swift; path = "NSNotificationName+Additions.swift"; sourceTree = "<group>"; };
		3C59DC5324FD1E3B0024FF6D /* ListRestaurantsTableViewCell.swift */ = {isa = PBXFileReference; lastKnownFileType = sourcecode.swift; path = ListRestaurantsTableViewCell.swift; sourceTree = "<group>"; };
		3C59DC5424FD1E3B0024FF6D /* ListRestaurantsTableViewCell.xib */ = {isa = PBXFileReference; lastKnownFileType = file.xib; path = ListRestaurantsTableViewCell.xib; sourceTree = "<group>"; };
		3C64B83724F9967A00B3F4BF /* UIView+Additions.swift */ = {isa = PBXFileReference; lastKnownFileType = sourcecode.swift; path = "UIView+Additions.swift"; sourceTree = "<group>"; };
		3C79D21A24FC1CF300F04CE0 /* RestaurantModel.swift */ = {isa = PBXFileReference; lastKnownFileType = sourcecode.swift; path = RestaurantModel.swift; sourceTree = "<group>"; };
		3C79D21C24FC43BF00F04CE0 /* ZomatoAPIEndpointCaller.swift */ = {isa = PBXFileReference; lastKnownFileType = sourcecode.swift; path = ZomatoAPIEndpointCaller.swift; sourceTree = "<group>"; };
		3C79D21F24FC48AA00F04CE0 /* TabsViewController.swift */ = {isa = PBXFileReference; lastKnownFileType = sourcecode.swift; path = TabsViewController.swift; sourceTree = "<group>"; };
		3C79D22324FC4BD000F04CE0 /* NerdeYesemColors.swift */ = {isa = PBXFileReference; lastKnownFileType = sourcecode.swift; path = NerdeYesemColors.swift; sourceTree = "<group>"; };
		3C79D22724FC528200F04CE0 /* Montserrat-LightItalic.ttf */ = {isa = PBXFileReference; lastKnownFileType = file; path = "Montserrat-LightItalic.ttf"; sourceTree = "<group>"; };
		3C79D22824FC528200F04CE0 /* Montserrat-Medium.ttf */ = {isa = PBXFileReference; lastKnownFileType = file; path = "Montserrat-Medium.ttf"; sourceTree = "<group>"; };
		3C79D22924FC528200F04CE0 /* Montserrat-BoldItalic.ttf */ = {isa = PBXFileReference; lastKnownFileType = file; path = "Montserrat-BoldItalic.ttf"; sourceTree = "<group>"; };
		3C79D22A24FC528200F04CE0 /* Montserrat-Light.ttf */ = {isa = PBXFileReference; lastKnownFileType = file; path = "Montserrat-Light.ttf"; sourceTree = "<group>"; };
		3C79D22B24FC528200F04CE0 /* Montserrat-ThinItalic.ttf */ = {isa = PBXFileReference; lastKnownFileType = file; path = "Montserrat-ThinItalic.ttf"; sourceTree = "<group>"; };
		3C79D22C24FC528200F04CE0 /* Montserrat-ExtraLight.ttf */ = {isa = PBXFileReference; lastKnownFileType = file; path = "Montserrat-ExtraLight.ttf"; sourceTree = "<group>"; };
		3C79D22D24FC528200F04CE0 /* Montserrat-Thin.ttf */ = {isa = PBXFileReference; lastKnownFileType = file; path = "Montserrat-Thin.ttf"; sourceTree = "<group>"; };
		3C79D22E24FC528200F04CE0 /* Montserrat-Bold.ttf */ = {isa = PBXFileReference; lastKnownFileType = file; path = "Montserrat-Bold.ttf"; sourceTree = "<group>"; };
		3C79D22F24FC528200F04CE0 /* Montserrat-MediumItalic.ttf */ = {isa = PBXFileReference; lastKnownFileType = file; path = "Montserrat-MediumItalic.ttf"; sourceTree = "<group>"; };
		3C79D23024FC528200F04CE0 /* Montserrat-BlackItalic.ttf */ = {isa = PBXFileReference; lastKnownFileType = file; path = "Montserrat-BlackItalic.ttf"; sourceTree = "<group>"; };
		3C79D23124FC528200F04CE0 /* Montserrat-SemiBold.ttf */ = {isa = PBXFileReference; lastKnownFileType = file; path = "Montserrat-SemiBold.ttf"; sourceTree = "<group>"; };
		3C79D23224FC528200F04CE0 /* Montserrat-ExtraLightItalic.ttf */ = {isa = PBXFileReference; lastKnownFileType = file; path = "Montserrat-ExtraLightItalic.ttf"; sourceTree = "<group>"; };
		3C79D23324FC528200F04CE0 /* Montserrat-ExtraBold.ttf */ = {isa = PBXFileReference; lastKnownFileType = file; path = "Montserrat-ExtraBold.ttf"; sourceTree = "<group>"; };
		3C79D23524FC528200F04CE0 /* Montserrat-Black.ttf */ = {isa = PBXFileReference; lastKnownFileType = file; path = "Montserrat-Black.ttf"; sourceTree = "<group>"; };
		3C79D23624FC528200F04CE0 /* Montserrat-Regular.ttf */ = {isa = PBXFileReference; lastKnownFileType = file; path = "Montserrat-Regular.ttf"; sourceTree = "<group>"; };
		3C79D23724FC528200F04CE0 /* Montserrat-Italic.ttf */ = {isa = PBXFileReference; lastKnownFileType = file; path = "Montserrat-Italic.ttf"; sourceTree = "<group>"; };
		3C79D23824FC528200F04CE0 /* Montserrat-SemiBoldItalic.ttf */ = {isa = PBXFileReference; lastKnownFileType = file; path = "Montserrat-SemiBoldItalic.ttf"; sourceTree = "<group>"; };
		3C79D23924FC528200F04CE0 /* Montserrat-ExtraBoldItalic.ttf */ = {isa = PBXFileReference; lastKnownFileType = file; path = "Montserrat-ExtraBoldItalic.ttf"; sourceTree = "<group>"; };
		3C79D24D24FC548D00F04CE0 /* HomeViewController.swift */ = {isa = PBXFileReference; lastKnownFileType = sourcecode.swift; path = HomeViewController.swift; sourceTree = "<group>"; };
		3C79D24F24FC55F500F04CE0 /* Restaurants.storyboard */ = {isa = PBXFileReference; lastKnownFileType = file.storyboard; path = Restaurants.storyboard; sourceTree = "<group>"; };
		3C79D25324FC58E000F04CE0 /* ListRestaurantsViewController.swift */ = {isa = PBXFileReference; lastKnownFileType = sourcecode.swift; path = ListRestaurantsViewController.swift; sourceTree = "<group>"; };
		3C79D25524FC5A3000F04CE0 /* FavoriteViewController.swift */ = {isa = PBXFileReference; lastKnownFileType = sourcecode.swift; path = FavoriteViewController.swift; sourceTree = "<group>"; };
/* End PBXFileReference section */

/* Begin PBXFrameworksBuildPhase section */
		3C28ECF924F947B000559D72 /* Frameworks */ = {
			isa = PBXFrameworksBuildPhase;
			buildActionMask = 2147483647;
			files = (
			);
			runOnlyForDeploymentPostprocessing = 0;
		};
/* End PBXFrameworksBuildPhase section */

/* Begin PBXGroup section */
		3C27149F24F9B8030032F027 /* Network Managers */ = {
			isa = PBXGroup;
			children = (
				3C2714A024F9C6F10032F027 /* APIManager.swift */,
				3C79D21C24FC43BF00F04CE0 /* ZomatoAPIEndpointCaller.swift */,
			);
			path = "Network Managers";
			sourceTree = "<group>";
		};
		3C28ECF324F947B000559D72 = {
			isa = PBXGroup;
			children = (
				3C28ECFE24F947B000559D72 /* NerdeYesem */,
				3C28ECFD24F947B000559D72 /* Products */,
			);
			sourceTree = "<group>";
		};
		3C28ECFD24F947B000559D72 /* Products */ = {
			isa = PBXGroup;
			children = (
				3C28ECFC24F947B000559D72 /* NerdeYesem.app */,
			);
			name = Products;
			sourceTree = "<group>";
		};
		3C28ECFE24F947B000559D72 /* NerdeYesem */ = {
			isa = PBXGroup;
			children = (
				3C59DC4324FC868F0024FF6D /* fonts */,
				3C79D22124FC4BB200F04CE0 /* Utils */,
				3C64B83624F994C200B3F4BF /* Media */,
				3C28ED1A24F94C8A00559D72 /* Managers */,
				3C28ED1924F94C7C00559D72 /* Storyboards */,
				3C28ED1824F94C7200559D72 /* Common */,
				3C28ED1724F94C6800559D72 /* Models */,
				3C28ED1624F94C6100559D72 /* Modules */,
				3C28ECFF24F947B000559D72 /* AppDelegate.swift */,
				3C28ED0124F947B000559D72 /* SceneDelegate.swift */,
				3C28ED1024F947B600559D72 /* Info.plist */,
				3C28ED0824F947B000559D72 /* NerdeYesem.xcdatamodeld */,
			);
			path = NerdeYesem;
			sourceTree = "<group>";
		};
		3C28ED1624F94C6100559D72 /* Modules */ = {
			isa = PBXGroup;
			children = (
				3C79D25224FC582700F04CE0 /* Restaurants */,
				3C79D25124FC581900F04CE0 /* Home */,
			);
			path = Modules;
			sourceTree = "<group>";
		};
		3C28ED1724F94C6800559D72 /* Models */ = {
			isa = PBXGroup;
			children = (
				3C79D21A24FC1CF300F04CE0 /* RestaurantModel.swift */,
			);
			path = Models;
			sourceTree = "<group>";
		};
		3C28ED1824F94C7200559D72 /* Common */ = {
			isa = PBXGroup;
			children = (
				3C59DC5224FD1DEA0024FF6D /* Cells */,
				3C79D21E24FC488D00F04CE0 /* Views */,
				3C64B83924F996D100B3F4BF /* Extensions */,
			);
			path = Common;
			sourceTree = "<group>";
		};
		3C28ED1924F94C7C00559D72 /* Storyboards */ = {
			isa = PBXGroup;
			children = (
				3C28ED0524F947B000559D72 /* Main.storyboard */,
				3C28ED0D24F947B600559D72 /* LaunchScreen.storyboard */,
				3C79D24F24FC55F500F04CE0 /* Restaurants.storyboard */,
			);
			path = Storyboards;
			sourceTree = "<group>";
		};
		3C28ED1A24F94C8A00559D72 /* Managers */ = {
			isa = PBXGroup;
			children = (
				3C59DC4424FCAA710024FF6D /* Local Managers */,
				3C27149F24F9B8030032F027 /* Network Managers */,
			);
			path = Managers;
			sourceTree = "<group>";
		};
		3C59DC4324FC868F0024FF6D /* fonts */ = {
			isa = PBXGroup;
			children = (
				3C79D22724FC528200F04CE0 /* Montserrat-LightItalic.ttf */,
				3C79D22824FC528200F04CE0 /* Montserrat-Medium.ttf */,
				3C79D22924FC528200F04CE0 /* Montserrat-BoldItalic.ttf */,
				3C79D22A24FC528200F04CE0 /* Montserrat-Light.ttf */,
				3C79D22B24FC528200F04CE0 /* Montserrat-ThinItalic.ttf */,
				3C79D22C24FC528200F04CE0 /* Montserrat-ExtraLight.ttf */,
				3C79D22D24FC528200F04CE0 /* Montserrat-Thin.ttf */,
				3C79D22E24FC528200F04CE0 /* Montserrat-Bold.ttf */,
				3C79D22F24FC528200F04CE0 /* Montserrat-MediumItalic.ttf */,
				3C79D23024FC528200F04CE0 /* Montserrat-BlackItalic.ttf */,
				3C79D23124FC528200F04CE0 /* Montserrat-SemiBold.ttf */,
				3C79D23224FC528200F04CE0 /* Montserrat-ExtraLightItalic.ttf */,
				3C79D23324FC528200F04CE0 /* Montserrat-ExtraBold.ttf */,
				3C79D23524FC528200F04CE0 /* Montserrat-Black.ttf */,
				3C79D23624FC528200F04CE0 /* Montserrat-Regular.ttf */,
				3C79D23724FC528200F04CE0 /* Montserrat-Italic.ttf */,
				3C79D23824FC528200F04CE0 /* Montserrat-SemiBoldItalic.ttf */,
				3C79D23924FC528200F04CE0 /* Montserrat-ExtraBoldItalic.ttf */,
			);
			path = fonts;
			sourceTree = "<group>";
		};
		3C59DC4424FCAA710024FF6D /* Local Managers */ = {
			isa = PBXGroup;
			children = (
				3C59DC4524FCAB050024FF6D /* LocationManager.swift */,
			);
			path = "Local Managers";
			sourceTree = "<group>";
		};
		3C59DC5224FD1DEA0024FF6D /* Cells */ = {
			isa = PBXGroup;
			children = (
				3C59DC5324FD1E3B0024FF6D /* ListRestaurantsTableViewCell.swift */,
				3C59DC5424FD1E3B0024FF6D /* ListRestaurantsTableViewCell.xib */,
			);
			path = Cells;
			sourceTree = "<group>";
		};
		3C64B83624F994C200B3F4BF /* Media */ = {
			isa = PBXGroup;
			children = (
				3C28ED0B24F947B600559D72 /* Assets.xcassets */,
			);
			path = Media;
			sourceTree = "<group>";
		};
		3C64B83924F996D100B3F4BF /* Extensions */ = {
			isa = PBXGroup;
			children = (
				3C64B83724F9967A00B3F4BF /* UIView+Additions.swift */,
				3C59DC4B24FCD3370024FF6D /* UIFont.swift */,
				3C59DC5024FCFB6D0024FF6D /* NSNotificationName+Additions.swift */,
			);
			path = Extensions;
			sourceTree = "<group>";
		};
		3C79D21E24FC488D00F04CE0 /* Views */ = {
			isa = PBXGroup;
			children = (
				3C79D21F24FC48AA00F04CE0 /* TabsViewController.swift */,
			);
			path = Views;
			sourceTree = "<group>";
		};
		3C79D22124FC4BB200F04CE0 /* Utils */ = {
			isa = PBXGroup;
			children = (
				3C79D22324FC4BD000F04CE0 /* NerdeYesemColors.swift */,
			);
			path = Utils;
			sourceTree = "<group>";
		};
		3C79D25124FC581900F04CE0 /* Home */ = {
			isa = PBXGroup;
			children = (
				3C79D24D24FC548D00F04CE0 /* HomeViewController.swift */,
			);
			path = Home;
			sourceTree = "<group>";
		};
		3C79D25224FC582700F04CE0 /* Restaurants */ = {
			isa = PBXGroup;
			children = (
				3C79D25324FC58E000F04CE0 /* ListRestaurantsViewController.swift */,
				3C79D25524FC5A3000F04CE0 /* FavoriteViewController.swift */,
			);
			path = Restaurants;
			sourceTree = "<group>";
		};
/* End PBXGroup section */

/* Begin PBXNativeTarget section */
		3C28ECFB24F947B000559D72 /* NerdeYesem */ = {
			isa = PBXNativeTarget;
			buildConfigurationList = 3C28ED1324F947B600559D72 /* Build configuration list for PBXNativeTarget "NerdeYesem" */;
			buildPhases = (
				3C28ECF824F947B000559D72 /* Sources */,
				3C28ECF924F947B000559D72 /* Frameworks */,
				3C28ECFA24F947B000559D72 /* Resources */,
			);
			buildRules = (
			);
			dependencies = (
			);
			name = NerdeYesem;
			productName = NerdeYesem;
			productReference = 3C28ECFC24F947B000559D72 /* NerdeYesem.app */;
			productType = "com.apple.product-type.application";
		};
/* End PBXNativeTarget section */

/* Begin PBXProject section */
		3C28ECF424F947B000559D72 /* Project object */ = {
			isa = PBXProject;
			attributes = {
				LastSwiftUpdateCheck = 1160;
				LastUpgradeCheck = 1160;
				ORGANIZATIONNAME = "Hayri Oguz";
				TargetAttributes = {
					3C28ECFB24F947B000559D72 = {
						CreatedOnToolsVersion = 11.6;
					};
				};
			};
			buildConfigurationList = 3C28ECF724F947B000559D72 /* Build configuration list for PBXProject "NerdeYesem" */;
			compatibilityVersion = "Xcode 9.3";
			developmentRegion = en;
			hasScannedForEncodings = 0;
			knownRegions = (
				en,
				Base,
			);
			mainGroup = 3C28ECF324F947B000559D72;
			productRefGroup = 3C28ECFD24F947B000559D72 /* Products */;
			projectDirPath = "";
			projectRoot = "";
			targets = (
				3C28ECFB24F947B000559D72 /* NerdeYesem */,
			);
		};
/* End PBXProject section */

/* Begin PBXResourcesBuildPhase section */
		3C28ECFA24F947B000559D72 /* Resources */ = {
			isa = PBXResourcesBuildPhase;
			buildActionMask = 2147483647;
			files = (
				3C79D24B24FC528200F04CE0 /* Montserrat-SemiBoldItalic.ttf in Resources */,
				3C79D24024FC528200F04CE0 /* Montserrat-Thin.ttf in Resources */,
				3C79D23D24FC528200F04CE0 /* Montserrat-Light.ttf in Resources */,
				3C79D25024FC55F500F04CE0 /* Restaurants.storyboard in Resources */,
				3C79D24524FC528200F04CE0 /* Montserrat-ExtraLightItalic.ttf in Resources */,
				3C79D23C24FC528200F04CE0 /* Montserrat-BoldItalic.ttf in Resources */,
				3C79D23E24FC528200F04CE0 /* Montserrat-ThinItalic.ttf in Resources */,
				3C79D24624FC528200F04CE0 /* Montserrat-ExtraBold.ttf in Resources */,
				3C79D24924FC528200F04CE0 /* Montserrat-Regular.ttf in Resources */,
				3C79D23A24FC528200F04CE0 /* Montserrat-LightItalic.ttf in Resources */,
				3C79D23F24FC528200F04CE0 /* Montserrat-ExtraLight.ttf in Resources */,
				3C79D23B24FC528200F04CE0 /* Montserrat-Medium.ttf in Resources */,
				3C28ED0F24F947B600559D72 /* LaunchScreen.storyboard in Resources */,
				3C28ED0C24F947B600559D72 /* Assets.xcassets in Resources */,
				3C79D24324FC528200F04CE0 /* Montserrat-BlackItalic.ttf in Resources */,
				3C79D24424FC528200F04CE0 /* Montserrat-SemiBold.ttf in Resources */,
				3C79D24A24FC528200F04CE0 /* Montserrat-Italic.ttf in Resources */,
				3C79D24124FC528200F04CE0 /* Montserrat-Bold.ttf in Resources */,
				3C59DC5624FD1E3B0024FF6D /* ListRestaurantsTableViewCell.xib in Resources */,
				3C79D24224FC528200F04CE0 /* Montserrat-MediumItalic.ttf in Resources */,
				3C28ED0724F947B000559D72 /* Main.storyboard in Resources */,
				3C79D24824FC528200F04CE0 /* Montserrat-Black.ttf in Resources */,
				3C79D24C24FC528200F04CE0 /* Montserrat-ExtraBoldItalic.ttf in Resources */,
			);
			runOnlyForDeploymentPostprocessing = 0;
		};
/* End PBXResourcesBuildPhase section */

/* Begin PBXSourcesBuildPhase section */
		3C28ECF824F947B000559D72 /* Sources */ = {
			isa = PBXSourcesBuildPhase;
			buildActionMask = 2147483647;
			files = (
				3C79D25424FC58E000F04CE0 /* ListRestaurantsViewController.swift in Sources */,
				3C79D21D24FC43BF00F04CE0 /* ZomatoAPIEndpointCaller.swift in Sources */,
				3C59DC5124FCFB6E0024FF6D /* NSNotificationName+Additions.swift in Sources */,
				3C64B83824F9967A00B3F4BF /* UIView+Additions.swift in Sources */,
				3C28ED0A24F947B000559D72 /* NerdeYesem.xcdatamodeld in Sources */,
				3C2714A124F9C6F10032F027 /* APIManager.swift in Sources */,
				3C79D22024FC48AA00F04CE0 /* TabsViewController.swift in Sources */,
				3C79D24E24FC548D00F04CE0 /* HomeViewController.swift in Sources */,
				3C59DC5524FD1E3B0024FF6D /* ListRestaurantsTableViewCell.swift in Sources */,
				3C28ED0024F947B000559D72 /* AppDelegate.swift in Sources */,
				3C79D22424FC4BD000F04CE0 /* NerdeYesemColors.swift in Sources */,
				3C79D21B24FC1CF300F04CE0 /* RestaurantModel.swift in Sources */,
				3C59DC4C24FCD3370024FF6D /* UIFont.swift in Sources */,
				3C79D25624FC5A3000F04CE0 /* FavoriteViewController.swift in Sources */,
				3C28ED0224F947B000559D72 /* SceneDelegate.swift in Sources */,
				3C59DC4624FCAB050024FF6D /* LocationManager.swift in Sources */,
			);
			runOnlyForDeploymentPostprocessing = 0;
		};
/* End PBXSourcesBuildPhase section */

/* Begin PBXVariantGroup section */
		3C28ED0524F947B000559D72 /* Main.storyboard */ = {
			isa = PBXVariantGroup;
			children = (
				3C28ED0624F947B000559D72 /* Base */,
			);
			name = Main.storyboard;
			sourceTree = "<group>";
		};
		3C28ED0D24F947B600559D72 /* LaunchScreen.storyboard */ = {
			isa = PBXVariantGroup;
			children = (
				3C28ED0E24F947B600559D72 /* Base */,
			);
			name = LaunchScreen.storyboard;
			sourceTree = "<group>";
		};
/* End PBXVariantGroup section */

/* Begin XCBuildConfiguration section */
		3C28ED1124F947B600559D72 /* Debug */ = {
			isa = XCBuildConfiguration;
			buildSettings = {
				ALWAYS_SEARCH_USER_PATHS = NO;
				CLANG_ANALYZER_NONNULL = YES;
				CLANG_ANALYZER_NUMBER_OBJECT_CONVERSION = YES_AGGRESSIVE;
				CLANG_CXX_LANGUAGE_STANDARD = "gnu++14";
				CLANG_CXX_LIBRARY = "libc++";
				CLANG_ENABLE_MODULES = YES;
				CLANG_ENABLE_OBJC_ARC = YES;
				CLANG_ENABLE_OBJC_WEAK = YES;
				CLANG_WARN_BLOCK_CAPTURE_AUTORELEASING = YES;
				CLANG_WARN_BOOL_CONVERSION = YES;
				CLANG_WARN_COMMA = YES;
				CLANG_WARN_CONSTANT_CONVERSION = YES;
				CLANG_WARN_DEPRECATED_OBJC_IMPLEMENTATIONS = YES;
				CLANG_WARN_DIRECT_OBJC_ISA_USAGE = YES_ERROR;
				CLANG_WARN_DOCUMENTATION_COMMENTS = YES;
				CLANG_WARN_EMPTY_BODY = YES;
				CLANG_WARN_ENUM_CONVERSION = YES;
				CLANG_WARN_INFINITE_RECURSION = YES;
				CLANG_WARN_INT_CONVERSION = YES;
				CLANG_WARN_NON_LITERAL_NULL_CONVERSION = YES;
				CLANG_WARN_OBJC_IMPLICIT_RETAIN_SELF = YES;
				CLANG_WARN_OBJC_LITERAL_CONVERSION = YES;
				CLANG_WARN_OBJC_ROOT_CLASS = YES_ERROR;
				CLANG_WARN_RANGE_LOOP_ANALYSIS = YES;
				CLANG_WARN_STRICT_PROTOTYPES = YES;
				CLANG_WARN_SUSPICIOUS_MOVE = YES;
				CLANG_WARN_UNGUARDED_AVAILABILITY = YES_AGGRESSIVE;
				CLANG_WARN_UNREACHABLE_CODE = YES;
				CLANG_WARN__DUPLICATE_METHOD_MATCH = YES;
				COPY_PHASE_STRIP = NO;
				DEBUG_INFORMATION_FORMAT = dwarf;
				ENABLE_STRICT_OBJC_MSGSEND = YES;
				ENABLE_TESTABILITY = YES;
				GCC_C_LANGUAGE_STANDARD = gnu11;
				GCC_DYNAMIC_NO_PIC = NO;
				GCC_NO_COMMON_BLOCKS = YES;
				GCC_OPTIMIZATION_LEVEL = 0;
				GCC_PREPROCESSOR_DEFINITIONS = (
					"DEBUG=1",
					"$(inherited)",
				);
				GCC_WARN_64_TO_32_BIT_CONVERSION = YES;
				GCC_WARN_ABOUT_RETURN_TYPE = YES_ERROR;
				GCC_WARN_UNDECLARED_SELECTOR = YES;
				GCC_WARN_UNINITIALIZED_AUTOS = YES_AGGRESSIVE;
				GCC_WARN_UNUSED_FUNCTION = YES;
				GCC_WARN_UNUSED_VARIABLE = YES;
				IPHONEOS_DEPLOYMENT_TARGET = 13.6;
				MTL_ENABLE_DEBUG_INFO = INCLUDE_SOURCE;
				MTL_FAST_MATH = YES;
				ONLY_ACTIVE_ARCH = YES;
				SDKROOT = iphoneos;
				SWIFT_ACTIVE_COMPILATION_CONDITIONS = DEBUG;
				SWIFT_OPTIMIZATION_LEVEL = "-Onone";
			};
			name = Debug;
		};
		3C28ED1224F947B600559D72 /* Release */ = {
			isa = XCBuildConfiguration;
			buildSettings = {
				ALWAYS_SEARCH_USER_PATHS = NO;
				CLANG_ANALYZER_NONNULL = YES;
				CLANG_ANALYZER_NUMBER_OBJECT_CONVERSION = YES_AGGRESSIVE;
				CLANG_CXX_LANGUAGE_STANDARD = "gnu++14";
				CLANG_CXX_LIBRARY = "libc++";
				CLANG_ENABLE_MODULES = YES;
				CLANG_ENABLE_OBJC_ARC = YES;
				CLANG_ENABLE_OBJC_WEAK = YES;
				CLANG_WARN_BLOCK_CAPTURE_AUTORELEASING = YES;
				CLANG_WARN_BOOL_CONVERSION = YES;
				CLANG_WARN_COMMA = YES;
				CLANG_WARN_CONSTANT_CONVERSION = YES;
				CLANG_WARN_DEPRECATED_OBJC_IMPLEMENTATIONS = YES;
				CLANG_WARN_DIRECT_OBJC_ISA_USAGE = YES_ERROR;
				CLANG_WARN_DOCUMENTATION_COMMENTS = YES;
				CLANG_WARN_EMPTY_BODY = YES;
				CLANG_WARN_ENUM_CONVERSION = YES;
				CLANG_WARN_INFINITE_RECURSION = YES;
				CLANG_WARN_INT_CONVERSION = YES;
				CLANG_WARN_NON_LITERAL_NULL_CONVERSION = YES;
				CLANG_WARN_OBJC_IMPLICIT_RETAIN_SELF = YES;
				CLANG_WARN_OBJC_LITERAL_CONVERSION = YES;
				CLANG_WARN_OBJC_ROOT_CLASS = YES_ERROR;
				CLANG_WARN_RANGE_LOOP_ANALYSIS = YES;
				CLANG_WARN_STRICT_PROTOTYPES = YES;
				CLANG_WARN_SUSPICIOUS_MOVE = YES;
				CLANG_WARN_UNGUARDED_AVAILABILITY = YES_AGGRESSIVE;
				CLANG_WARN_UNREACHABLE_CODE = YES;
				CLANG_WARN__DUPLICATE_METHOD_MATCH = YES;
				COPY_PHASE_STRIP = NO;
				DEBUG_INFORMATION_FORMAT = "dwarf-with-dsym";
				ENABLE_NS_ASSERTIONS = NO;
				ENABLE_STRICT_OBJC_MSGSEND = YES;
				GCC_C_LANGUAGE_STANDARD = gnu11;
				GCC_NO_COMMON_BLOCKS = YES;
				GCC_WARN_64_TO_32_BIT_CONVERSION = YES;
				GCC_WARN_ABOUT_RETURN_TYPE = YES_ERROR;
				GCC_WARN_UNDECLARED_SELECTOR = YES;
				GCC_WARN_UNINITIALIZED_AUTOS = YES_AGGRESSIVE;
				GCC_WARN_UNUSED_FUNCTION = YES;
				GCC_WARN_UNUSED_VARIABLE = YES;
				IPHONEOS_DEPLOYMENT_TARGET = 13.6;
				MTL_ENABLE_DEBUG_INFO = NO;
				MTL_FAST_MATH = YES;
				SDKROOT = iphoneos;
				SWIFT_COMPILATION_MODE = wholemodule;
				SWIFT_OPTIMIZATION_LEVEL = "-O";
				VALIDATE_PRODUCT = YES;
			};
			name = Release;
		};
		3C28ED1424F947B600559D72 /* Debug */ = {
			isa = XCBuildConfiguration;
			buildSettings = {
				ASSETCATALOG_COMPILER_APPICON_NAME = AppIcon;
				CODE_SIGN_STYLE = Automatic;
				DEVELOPMENT_TEAM = PJ9SW5348L;
				INFOPLIST_FILE = NerdeYesem/Info.plist;
				LD_RUNPATH_SEARCH_PATHS = (
					"$(inherited)",
					"@executable_path/Frameworks",
				);
				PRODUCT_BUNDLE_IDENTIFIER = hayrioguz.NerdeYesem;
				PRODUCT_NAME = "$(TARGET_NAME)";
				SWIFT_VERSION = 5.0;
				TARGETED_DEVICE_FAMILY = "1,2";
			};
			name = Debug;
		};
		3C28ED1524F947B600559D72 /* Release */ = {
			isa = XCBuildConfiguration;
			buildSettings = {
				ASSETCATALOG_COMPILER_APPICON_NAME = AppIcon;
				CODE_SIGN_STYLE = Automatic;
				DEVELOPMENT_TEAM = PJ9SW5348L;
				INFOPLIST_FILE = NerdeYesem/Info.plist;
				LD_RUNPATH_SEARCH_PATHS = (
					"$(inherited)",
					"@executable_path/Frameworks",
				);
				PRODUCT_BUNDLE_IDENTIFIER = hayrioguz.NerdeYesem;
				PRODUCT_NAME = "$(TARGET_NAME)";
				SWIFT_VERSION = 5.0;
				TARGETED_DEVICE_FAMILY = "1,2";
			};
			name = Release;
		};
/* End XCBuildConfiguration section */

/* Begin XCConfigurationList section */
		3C28ECF724F947B000559D72 /* Build configuration list for PBXProject "NerdeYesem" */ = {
			isa = XCConfigurationList;
			buildConfigurations = (
				3C28ED1124F947B600559D72 /* Debug */,
				3C28ED1224F947B600559D72 /* Release */,
			);
			defaultConfigurationIsVisible = 0;
			defaultConfigurationName = Release;
		};
		3C28ED1324F947B600559D72 /* Build configuration list for PBXNativeTarget "NerdeYesem" */ = {
			isa = XCConfigurationList;
			buildConfigurations = (
				3C28ED1424F947B600559D72 /* Debug */,
				3C28ED1524F947B600559D72 /* Release */,
			);
			defaultConfigurationIsVisible = 0;
			defaultConfigurationName = Release;
		};
/* End XCConfigurationList section */

/* Begin XCVersionGroup section */
		3C28ED0824F947B000559D72 /* NerdeYesem.xcdatamodeld */ = {
			isa = XCVersionGroup;
			children = (
				3C28ED0924F947B000559D72 /* NerdeYesem.xcdatamodel */,
			);
			currentVersion = 3C28ED0924F947B000559D72 /* NerdeYesem.xcdatamodel */;
			path = NerdeYesem.xcdatamodeld;
			sourceTree = "<group>";
			versionGroupType = wrapper.xcdatamodel;
		};
/* End XCVersionGroup section */
	};
	rootObject = 3C28ECF424F947B000559D72 /* Project object */;
}
